
Microsoft Visual Studio Solution File, Format Version 12.00
# Visual Studio Version 17
VisualStudioVersion = 17.5.002.0
MinimumVisualStudioVersion = 10.0.40219.1
Project("{2150E333-8FDC-42A3-9474-1A3956D46DE8}") = "todo-app", "todo-app", "{3AEA56CF-0EE7-4D24-9511-BCCFDF97733A}"
EndProject
Project("{9A19103F-16F7-4668-BE54-9A1E7A4F7556}") = "ToDoApp", "todo-app\src\ToDoApp.csproj", "{F67927AF-766D-4EB3-97C5-EB3EFE694742}"
EndProject
Project("{9A19103F-16F7-4668-BE54-9A1E7A4F7556}") = "ToDoApp.Tests", "todo-app\test\ToDoApp.Tests.csproj", "{7F7FB888-7B5B-46E5-93CB-CF929BAD9A9A}"
EndProject
Global
	GlobalSection(SolutionConfigurationPlatforms) = preSolution
		Debug|Any CPU = Debug|Any CPU
		Release|Any CPU = Release|Any CPU
	EndGlobalSection
	GlobalSection(ProjectConfigurationPlatforms) = postSolution
		{F67927AF-766D-4EB3-97C5-EB3EFE694742}.Debug|Any CPU.ActiveCfg = Debug|Any CPU
		{F67927AF-766D-4EB3-97C5-EB3EFE694742}.Debug|Any CPU.Build.0 = Debug|Any CPU
		{F67927AF-766D-4EB3-97C5-EB3EFE694742}.Release|Any CPU.ActiveCfg = Release|Any CPU
		{F67927AF-766D-4EB3-97C5-EB3EFE694742}.Release|Any CPU.Build.0 = Release|Any CPU
		{7F7FB888-7B5B-46E5-93CB-CF929BAD9A9A}.Debug|Any CPU.ActiveCfg = Debug|Any CPU
		{7F7FB888-7B5B-46E5-93CB-CF929BAD9A9A}.Debug|Any CPU.Build.0 = Debug|Any CPU
		{7F7FB888-7B5B-46E5-93CB-CF929BAD9A9A}.Release|Any CPU.ActiveCfg = Release|Any CPU
		{7F7FB888-7B5B-46E5-93CB-CF929BAD9A9A}.Release|Any CPU.Build.0 = Release|Any CPU
	EndGlobalSection
	GlobalSection(SolutionProperties) = preSolution
		HideSolutionNode = FALSE
	EndGlobalSection
	GlobalSection(NestedProjects) = preSolution
		{F67927AF-766D-4EB3-97C5-EB3EFE694742} = {3AEA56CF-0EE7-4D24-9511-BCCFDF97733A}
		{7F7FB888-7B5B-46E5-93CB-CF929BAD9A9A} = {3AEA56CF-0EE7-4D24-9511-BCCFDF97733A}
	EndGlobalSection
	GlobalSection(ExtensibilityGlobals) = postSolution
		SolutionGuid = {175596ED-962B-47C8-A9F2-78274C14C9FB}
	EndGlobalSection
EndGlobal
